{
  "name": "frontend",
  "lockfileVersion": 3,
  "requires": true,
  "packages": {
    "": {
      "dependencies": {
        "pro": "file:.."
      }
    },
    "..": {
      "name": "pro",
      "version": "1.0.0",
      "license": "ISC",
      "dependencies": {
        "@chakra-ui/react": "^2.10.6",
        "@emotion/react": "^11.14.0",
        "@emotion/styled": "^11.14.0",
        "dotenv": "^16.4.7",
        "express": "^4.21.2",
        "framer-motion": "^12.4.10",
        "mongoose": "^8.12.1"
      },
      "devDependencies": {
        "nodemon": "^3.1.9"
      }
    },
    "node_modules/pro": {
      "resolved": "..",
      "link": true
    }
  }
}
